
Microsoft Visual Studio Solution File, Format Version 12.00
# Visual Studio Version 17
VisualStudioVersion = 17.4.33103.184
MinimumVisualStudioVersion = 10.0.40219.1
Project("{FAE04EC0-301F-11D3-BF4B-00C04F79EFBC}") = "VoteApp.Razor", "VoteApp.Razor\VoteApp.Razor.csproj", "{5EA65F59-8B6C-4FD3-B43C-8D58D354CD77}"
EndProject
Project("{2150E333-8FDC-42A3-9474-1A3956D46DE8}") = "src", "src", "{0EBE14C9-CE5D-4F4F-AD00-BC1F92B39D15}"
EndProject
Project("{2150E333-8FDC-42A3-9474-1A3956D46DE8}") = "tests", "tests", "{BF2AF622-E597-44C0-89B4-973AABDAB960}"
EndProject
Project("{2150E333-8FDC-42A3-9474-1A3956D46DE8}") = "common", "common", "{A95CF9E6-A877-44BE-88F6-FA5AD0011C1F}"
EndProject
Global
	GlobalSection(SolutionConfigurationPlatforms) = preSolution
		Debug|Any CPU = Debug|Any CPU
		Release|Any CPU = Release|Any CPU
	EndGlobalSection
	GlobalSection(ProjectConfigurationPlatforms) = postSolution
		{5EA65F59-8B6C-4FD3-B43C-8D58D354CD77}.Debug|Any CPU.ActiveCfg = Debug|Any CPU
		{5EA65F59-8B6C-4FD3-B43C-8D58D354CD77}.Debug|Any CPU.Build.0 = Debug|Any CPU
		{5EA65F59-8B6C-4FD3-B43C-8D58D354CD77}.Release|Any CPU.ActiveCfg = Release|Any CPU
		{5EA65F59-8B6C-4FD3-B43C-8D58D354CD77}.Release|Any CPU.Build.0 = Release|Any CPU
	EndGlobalSection
	GlobalSection(SolutionProperties) = preSolution
		HideSolutionNode = FALSE
	EndGlobalSection
	GlobalSection(NestedProjects) = preSolution
		{5EA65F59-8B6C-4FD3-B43C-8D58D354CD77} = {0EBE14C9-CE5D-4F4F-AD00-BC1F92B39D15}
	EndGlobalSection
	GlobalSection(ExtensibilityGlobals) = postSolution
		SolutionGuid = {4C636655-0C32-4AAB-B0C1-37E48C680766}
	EndGlobalSection
EndGlobal
